// !$*UTF8*$!
{
	archiveVersion = 1;
	classes = {
	};
	objectVersion = 56;
	objects = {

/* Begin PBXBuildFile section */
		AD2CF8707717F6A1828C09B6 /* Pods_FlashChat.framework in Frameworks */ = {isa = PBXBuildFile; fileRef = 9F49F8D4E3819DCD3F19A99F /* Pods_FlashChat.framework */; };
		C308C9A829ED73E300431E17 /* AppDelegate.swift in Sources */ = {isa = PBXBuildFile; fileRef = C308C9A729ED73E300431E17 /* AppDelegate.swift */; };
		C308C9AA29ED73E300431E17 /* SceneDelegate.swift in Sources */ = {isa = PBXBuildFile; fileRef = C308C9A929ED73E300431E17 /* SceneDelegate.swift */; };
		C308C9AC29ED73E300431E17 /* WelcomeViewController.swift in Sources */ = {isa = PBXBuildFile; fileRef = C308C9AB29ED73E300431E17 /* WelcomeViewController.swift */; };
		C308C9AF29ED73E300431E17 /* Main.storyboard in Resources */ = {isa = PBXBuildFile; fileRef = C308C9AD29ED73E300431E17 /* Main.storyboard */; };
		C308C9B129ED73E400431E17 /* Assets.xcassets in Resources */ = {isa = PBXBuildFile; fileRef = C308C9B029ED73E400431E17 /* Assets.xcassets */; };
		C308C9B429ED73E400431E17 /* LaunchScreen.storyboard in Resources */ = {isa = PBXBuildFile; fileRef = C308C9B229ED73E400431E17 /* LaunchScreen.storyboard */; };
		C308C9BF29ED753000431E17 /* RegisterViewController.swift in Sources */ = {isa = PBXBuildFile; fileRef = C308C9BE29ED753000431E17 /* RegisterViewController.swift */; };
		C308C9C129ED75F700431E17 /* LoginViewController.swift in Sources */ = {isa = PBXBuildFile; fileRef = C308C9C029ED75F700431E17 /* LoginViewController.swift */; };
		C308C9C329ED761000431E17 /* ChatViewController.swift in Sources */ = {isa = PBXBuildFile; fileRef = C308C9C229ED761000431E17 /* ChatViewController.swift */; };
		C39B76F129EDA3E5001CE10E /* Constants.swift in Sources */ = {isa = PBXBuildFile; fileRef = C39B76F029EDA3E5001CE10E /* Constants.swift */; };
		C39B76F329EDA700001CE10E /* Message.swift in Sources */ = {isa = PBXBuildFile; fileRef = C39B76F229EDA700001CE10E /* Message.swift */; };
		C39B76F629EDAB57001CE10E /* MessageCell.swift in Sources */ = {isa = PBXBuildFile; fileRef = C39B76F429EDAB57001CE10E /* MessageCell.swift */; };
		C39B76F729EDAB57001CE10E /* MessageCell.xib in Resources */ = {isa = PBXBuildFile; fileRef = C39B76F529EDAB57001CE10E /* MessageCell.xib */; };
		C3CD526829ED8988001482DA /* GoogleService-Info.plist in Resources */ = {isa = PBXBuildFile; fileRef = C3CD526729ED8988001482DA /* GoogleService-Info.plist */; };
		C3CD526B29ED903A001482DA /* Podfile in Resources */ = {isa = PBXBuildFile; fileRef = C3CD526A29ED903A001482DA /* Podfile */; };
/* End PBXBuildFile section */

/* Begin PBXFileReference section */
		3D3ADF0D8AABA1DFBC356124 /* Pods-FlashChat.debug.xcconfig */ = {isa = PBXFileReference; includeInIndex = 1; lastKnownFileType = text.xcconfig; name = "Pods-FlashChat.debug.xcconfig"; path = "Target Support Files/Pods-FlashChat/Pods-FlashChat.debug.xcconfig"; sourceTree = "<group>"; };
		9F49F8D4E3819DCD3F19A99F /* Pods_FlashChat.framework */ = {isa = PBXFileReference; explicitFileType = wrapper.framework; includeInIndex = 0; path = Pods_FlashChat.framework; sourceTree = BUILT_PRODUCTS_DIR; };
		C308C9A429ED73E300431E17 /* FlashChat.app */ = {isa = PBXFileReference; explicitFileType = wrapper.application; includeInIndex = 0; path = FlashChat.app; sourceTree = BUILT_PRODUCTS_DIR; };
		C308C9A729ED73E300431E17 /* AppDelegate.swift */ = {isa = PBXFileReference; lastKnownFileType = sourcecode.swift; path = AppDelegate.swift; sourceTree = "<group>"; };
		C308C9A929ED73E300431E17 /* SceneDelegate.swift */ = {isa = PBXFileReference; lastKnownFileType = sourcecode.swift; path = SceneDelegate.swift; sourceTree = "<group>"; };
		C308C9AB29ED73E300431E17 /* WelcomeViewController.swift */ = {isa = PBXFileReference; lastKnownFileType = sourcecode.swift; path = WelcomeViewController.swift; sourceTree = "<group>"; };
		C308C9AE29ED73E300431E17 /* Base */ = {isa = PBXFileReference; lastKnownFileType = file.storyboard; name = Base; path = Base.lproj/Main.storyboard; sourceTree = "<group>"; };
		C308C9B029ED73E400431E17 /* Assets.xcassets */ = {isa = PBXFileReference; lastKnownFileType = folder.assetcatalog; path = Assets.xcassets; sourceTree = "<group>"; };
		C308C9B329ED73E400431E17 /* Base */ = {isa = PBXFileReference; lastKnownFileType = file.storyboard; name = Base; path = Base.lproj/LaunchScreen.storyboard; sourceTree = "<group>"; };
		C308C9B529ED73E400431E17 /* Info.plist */ = {isa = PBXFileReference; lastKnownFileType = text.plist.xml; path = Info.plist; sourceTree = "<group>"; };
		C308C9BE29ED753000431E17 /* RegisterViewController.swift */ = {isa = PBXFileReference; lastKnownFileType = sourcecode.swift; path = RegisterViewController.swift; sourceTree = "<group>"; };
		C308C9C029ED75F700431E17 /* LoginViewController.swift */ = {isa = PBXFileReference; lastKnownFileType = sourcecode.swift; path = LoginViewController.swift; sourceTree = "<group>"; };
		C308C9C229ED761000431E17 /* ChatViewController.swift */ = {isa = PBXFileReference; lastKnownFileType = sourcecode.swift; path = ChatViewController.swift; sourceTree = "<group>"; };
		C39B76F029EDA3E5001CE10E /* Constants.swift */ = {isa = PBXFileReference; lastKnownFileType = sourcecode.swift; path = Constants.swift; sourceTree = "<group>"; };
		C39B76F229EDA700001CE10E /* Message.swift */ = {isa = PBXFileReference; lastKnownFileType = sourcecode.swift; path = Message.swift; sourceTree = "<group>"; };
		C39B76F429EDAB57001CE10E /* MessageCell.swift */ = {isa = PBXFileReference; lastKnownFileType = sourcecode.swift; path = MessageCell.swift; sourceTree = "<group>"; };
		C39B76F529EDAB57001CE10E /* MessageCell.xib */ = {isa = PBXFileReference; lastKnownFileType = file.xib; path = MessageCell.xib; sourceTree = "<group>"; };
		C3CD526729ED8988001482DA /* GoogleService-Info.plist */ = {isa = PBXFileReference; fileEncoding = 4; lastKnownFileType = text.plist.xml; name = "GoogleService-Info.plist"; path = "../../../../Downloads/GoogleService-Info.plist"; sourceTree = "<group>"; };
		C3CD526A29ED903A001482DA /* Podfile */ = {isa = PBXFileReference; fileEncoding = 4; lastKnownFileType = text; path = Podfile; sourceTree = SOURCE_ROOT; };
		CEC68E68071BA7AEA243ED16 /* Pods-FlashChat.release.xcconfig */ = {isa = PBXFileReference; includeInIndex = 1; lastKnownFileType = text.xcconfig; name = "Pods-FlashChat.release.xcconfig"; path = "Target Support Files/Pods-FlashChat/Pods-FlashChat.release.xcconfig"; sourceTree = "<group>"; };
/* End PBXFileReference section */

/* Begin PBXFrameworksBuildPhase section */
		C308C9A129ED73E300431E17 /* Frameworks */ = {
			isa = PBXFrameworksBuildPhase;
			buildActionMask = 2147483647;
			files = (
				AD2CF8707717F6A1828C09B6 /* Pods_FlashChat.framework in Frameworks */,
			);
			runOnlyForDeploymentPostprocessing = 0;
		};
/* End PBXFrameworksBuildPhase section */

/* Begin PBXGroup section */
		6C2380B9B91EC9C0F07ECF9F /* Pods */ = {
			isa = PBXGroup;
			children = (
				3D3ADF0D8AABA1DFBC356124 /* Pods-FlashChat.debug.xcconfig */,
				CEC68E68071BA7AEA243ED16 /* Pods-FlashChat.release.xcconfig */,
			);
			path = Pods;
			sourceTree = "<group>";
		};
		C308C99B29ED73E300431E17 = {
			isa = PBXGroup;
			children = (
				C308C9A629ED73E300431E17 /* FlashChat */,
				C308C9A529ED73E300431E17 /* Products */,
				6C2380B9B91EC9C0F07ECF9F /* Pods */,
				D29EF891EE45EEAFE804B499 /* Frameworks */,
			);
			sourceTree = "<group>";
		};
		C308C9A529ED73E300431E17 /* Products */ = {
			isa = PBXGroup;
			children = (
				C308C9A429ED73E300431E17 /* FlashChat.app */,
			);
			name = Products;
			sourceTree = "<group>";
		};
		C308C9A629ED73E300431E17 /* FlashChat */ = {
			isa = PBXGroup;
			children = (
				C308C9A929ED73E300431E17 /* SceneDelegate.swift */,
				C308C9A729ED73E300431E17 /* AppDelegate.swift */,
				C308C9BB29ED74EC00431E17 /* Models */,
				C308C9BC29ED74F000431E17 /* Views */,
				C308C9BD29ED74F500431E17 /* Controllers */,
				C308C9B029ED73E400431E17 /* Assets.xcassets */,
				C308C9B229ED73E400431E17 /* LaunchScreen.storyboard */,
				C308C9B529ED73E400431E17 /* Info.plist */,
				C3CD526A29ED903A001482DA /* Podfile */,
				C3CD526729ED8988001482DA /* GoogleService-Info.plist */,
				C39B76F029EDA3E5001CE10E /* Constants.swift */,
			);
			path = FlashChat;
			sourceTree = "<group>";
		};
		C308C9BB29ED74EC00431E17 /* Models */ = {
			isa = PBXGroup;
			children = (
				C39B76F229EDA700001CE10E /* Message.swift */,
			);
			path = Models;
			sourceTree = "<group>";
		};
		C308C9BC29ED74F000431E17 /* Views */ = {
			isa = PBXGroup;
			children = (
				C308C9AD29ED73E300431E17 /* Main.storyboard */,
				C39B76F429EDAB57001CE10E /* MessageCell.swift */,
				C39B76F529EDAB57001CE10E /* MessageCell.xib */,
			);
			path = Views;
			sourceTree = "<group>";
		};
		C308C9BD29ED74F500431E17 /* Controllers */ = {
			isa = PBXGroup;
			children = (
				C308C9AB29ED73E300431E17 /* WelcomeViewController.swift */,
				C308C9BE29ED753000431E17 /* RegisterViewController.swift */,
				C308C9C029ED75F700431E17 /* LoginViewController.swift */,
				C308C9C229ED761000431E17 /* ChatViewController.swift */,
			);
			path = Controllers;
			sourceTree = "<group>";
		};
		D29EF891EE45EEAFE804B499 /* Frameworks */ = {
			isa = PBXGroup;
			children = (
				9F49F8D4E3819DCD3F19A99F /* Pods_FlashChat.framework */,
			);
			name = Frameworks;
			sourceTree = "<group>";
		};
/* End PBXGroup section */

/* Begin PBXNativeTarget section */
		C308C9A329ED73E300431E17 /* FlashChat */ = {
			isa = PBXNativeTarget;
			buildConfigurationList = C308C9B829ED73E400431E17 /* Build configuration list for PBXNativeTarget "FlashChat" */;
			buildPhases = (
				13B51F281780502FBA9CB43A /* [CP] Check Pods Manifest.lock */,
				C308C9A029ED73E300431E17 /* Sources */,
				C308C9A129ED73E300431E17 /* Frameworks */,
				C308C9A229ED73E300431E17 /* Resources */,
				796099F1D7E34CFF7FFF10FC /* [CP] Embed Pods Frameworks */,
			);
			buildRules = (
			);
			dependencies = (
			);
			name = FlashChat;
			productName = FlashChat;
			productReference = C308C9A429ED73E300431E17 /* FlashChat.app */;
			productType = "com.apple.product-type.application";
		};
/* End PBXNativeTarget section */

/* Begin PBXProject section */
		C308C99C29ED73E300431E17 /* Project object */ = {
			isa = PBXProject;
			attributes = {
				BuildIndependentTargetsInParallel = 1;
				LastSwiftUpdateCheck = 1430;
				LastUpgradeCheck = 1430;
				TargetAttributes = {
					C308C9A329ED73E300431E17 = {
						CreatedOnToolsVersion = 14.3;
					};
				};
			};
			buildConfigurationList = C308C99F29ED73E300431E17 /* Build configuration list for PBXProject "FlashChat" */;
			compatibilityVersion = "Xcode 14.0";
			developmentRegion = en;
			hasScannedForEncodings = 0;
			knownRegions = (
				en,
				Base,
			);
			mainGroup = C308C99B29ED73E300431E17;
			packageReferences = (
				C3CD526929ED8E91001482DA /* XCRemoteSwiftPackageReference "firebase-ios-sdk" */,
			);
			productRefGroup = C308C9A529ED73E300431E17 /* Products */;
			projectDirPath = "";
			projectRoot = "";
			targets = (
				C308C9A329ED73E300431E17 /* FlashChat */,
			);
		};
/* End PBXProject section */

/* Begin PBXResourcesBuildPhase section */
		C308C9A229ED73E300431E17 /* Resources */ = {
			isa = PBXResourcesBuildPhase;
			buildActionMask = 2147483647;
			files = (
				C3CD526B29ED903A001482DA /* Podfile in Resources */,
				C39B76F729EDAB57001CE10E /* MessageCell.xib in Resources */,
				C308C9B429ED73E400431E17 /* LaunchScreen.storyboard in Resources */,
				C3CD526829ED8988001482DA /* GoogleService-Info.plist in Resources */,
				C308C9B129ED73E400431E17 /* Assets.xcassets in Resources */,
				C308C9AF29ED73E300431E17 /* Main.storyboard in Resources */,
			);
			runOnlyForDeploymentPostprocessing = 0;
		};
/* End PBXResourcesBuildPhase section */

/* Begin PBXShellScriptBuildPhase section */
		13B51F281780502FBA9CB43A /* [CP] Check Pods Manifest.lock */ = {
			isa = PBXShellScriptBuildPhase;
			buildActionMask = 2147483647;
			files = (
			);
			inputFileListPaths = (
			);
			inputPaths = (
				"${PODS_PODFILE_DIR_PATH}/Podfile.lock",
				"${PODS_ROOT}/Manifest.lock",
			);
			name = "[CP] Check Pods Manifest.lock";
			outputFileListPaths = (
			);
			outputPaths = (
				"$(DERIVED_FILE_DIR)/Pods-FlashChat-checkManifestLockResult.txt",
			);
			runOnlyForDeploymentPostprocessing = 0;
			shellPath = /bin/sh;
			shellScript = "diff \"${PODS_PODFILE_DIR_PATH}/Podfile.lock\" \"${PODS_ROOT}/Manifest.lock\" > /dev/null\nif [ $? != 0 ] ; then\n    # print error to STDERR\n    echo \"error: The sandbox is not in sync with the Podfile.lock. Run 'pod install' or update your CocoaPods installation.\" >&2\n    exit 1\nfi\n# This output is used by Xcode 'outputs' to avoid re-running this script phase.\necho \"SUCCESS\" > \"${SCRIPT_OUTPUT_FILE_0}\"\n";
			showEnvVarsInLog = 0;
		};
		796099F1D7E34CFF7FFF10FC /* [CP] Embed Pods Frameworks */ = {
			isa = PBXShellScriptBuildPhase;
			buildActionMask = 2147483647;
			files = (
			);
			inputFileListPaths = (
				"${PODS_ROOT}/Target Support Files/Pods-FlashChat/Pods-FlashChat-frameworks-${CONFIGURATION}-input-files.xcfilelist",
			);
			name = "[CP] Embed Pods Frameworks";
			outputFileListPaths = (
				"${PODS_ROOT}/Target Support Files/Pods-FlashChat/Pods-FlashChat-frameworks-${CONFIGURATION}-output-files.xcfilelist",
			);
			runOnlyForDeploymentPostprocessing = 0;
			shellPath = /bin/sh;
			shellScript = "\"${PODS_ROOT}/Target Support Files/Pods-FlashChat/Pods-FlashChat-frameworks.sh\"\n";
			showEnvVarsInLog = 0;
		};
/* End PBXShellScriptBuildPhase section */

/* Begin PBXSourcesBuildPhase section */
		C308C9A029ED73E300431E17 /* Sources */ = {
			isa = PBXSourcesBuildPhase;
			buildActionMask = 2147483647;
			files = (
				C308C9AC29ED73E300431E17 /* WelcomeViewController.swift in Sources */,
				C308C9A829ED73E300431E17 /* AppDelegate.swift in Sources */,
				C308C9AA29ED73E300431E17 /* SceneDelegate.swift in Sources */,
				C308C9C129ED75F700431E17 /* LoginViewController.swift in Sources */,
				C39B76F129EDA3E5001CE10E /* Constants.swift in Sources */,
				C39B76F329EDA700001CE10E /* Message.swift in Sources */,
				C308C9C329ED761000431E17 /* ChatViewController.swift in Sources */,
				C308C9BF29ED753000431E17 /* RegisterViewController.swift in Sources */,
				C39B76F629EDAB57001CE10E /* MessageCell.swift in Sources */,
			);
			runOnlyForDeploymentPostprocessing = 0;
		};
/* End PBXSourcesBuildPhase section */

/* Begin PBXVariantGroup section */
		C308C9AD29ED73E300431E17 /* Main.storyboard */ = {
			isa = PBXVariantGroup;
			children = (
				C308C9AE29ED73E300431E17 /* Base */,
			);
			name = Main.storyboard;
			sourceTree = "<group>";
		};
		C308C9B229ED73E400431E17 /* LaunchScreen.storyboard */ = {
			isa = PBXVariantGroup;
			children = (
				C308C9B329ED73E400431E17 /* Base */,
			);
			name = LaunchScreen.storyboard;
			sourceTree = "<group>";
		};
/* End PBXVariantGroup section */

/* Begin XCBuildConfiguration section */
		C308C9B629ED73E400431E17 /* Debug */ = {
			isa = XCBuildConfiguration;
			buildSettings = {
				ALWAYS_SEARCH_USER_PATHS = NO;
				CLANG_ANALYZER_NONNULL = YES;
				CLANG_ANALYZER_NUMBER_OBJECT_CONVERSION = YES_AGGRESSIVE;
				CLANG_CXX_LANGUAGE_STANDARD = "gnu++20";
				CLANG_ENABLE_MODULES = YES;
				CLANG_ENABLE_OBJC_ARC = YES;
				CLANG_ENABLE_OBJC_WEAK = YES;
				CLANG_WARN_BLOCK_CAPTURE_AUTORELEASING = YES;
				CLANG_WARN_BOOL_CONVERSION = YES;
				CLANG_WARN_COMMA = YES;
				CLANG_WARN_CONSTANT_CONVERSION = YES;
				CLANG_WARN_DEPRECATED_OBJC_IMPLEMENTATIONS = YES;
				CLANG_WARN_DIRECT_OBJC_ISA_USAGE = YES_ERROR;
				CLANG_WARN_DOCUMENTATION_COMMENTS = YES;
				CLANG_WARN_EMPTY_BODY = YES;
				CLANG_WARN_ENUM_CONVERSION = YES;
				CLANG_WARN_INFINITE_RECURSION = YES;
				CLANG_WARN_INT_CONVERSION = YES;
				CLANG_WARN_NON_LITERAL_NULL_CONVERSION = YES;
				CLANG_WARN_OBJC_IMPLICIT_RETAIN_SELF = YES;
				CLANG_WARN_OBJC_LITERAL_CONVERSION = YES;
				CLANG_WARN_OBJC_ROOT_CLASS = YES_ERROR;
				CLANG_WARN_QUOTED_INCLUDE_IN_FRAMEWORK_HEADER = YES;
				CLANG_WARN_RANGE_LOOP_ANALYSIS = YES;
				CLANG_WARN_STRICT_PROTOTYPES = YES;
				CLANG_WARN_SUSPICIOUS_MOVE = YES;
				CLANG_WARN_UNGUARDED_AVAILABILITY = YES_AGGRESSIVE;
				CLANG_WARN_UNREACHABLE_CODE = YES;
				CLANG_WARN__DUPLICATE_METHOD_MATCH = YES;
				COPY_PHASE_STRIP = NO;
				DEBUG_INFORMATION_FORMAT = dwarf;
				ENABLE_STRICT_OBJC_MSGSEND = YES;
				ENABLE_TESTABILITY = YES;
				GCC_C_LANGUAGE_STANDARD = gnu11;
				GCC_DYNAMIC_NO_PIC = NO;
				GCC_NO_COMMON_BLOCKS = YES;
				GCC_OPTIMIZATION_LEVEL = 0;
				GCC_PREPROCESSOR_DEFINITIONS = (
					"DEBUG=1",
					"$(inherited)",
				);
				GCC_WARN_64_TO_32_BIT_CONVERSION = YES;
				GCC_WARN_ABOUT_RETURN_TYPE = YES_ERROR;
				GCC_WARN_UNDECLARED_SELECTOR = YES;
				GCC_WARN_UNINITIALIZED_AUTOS = YES_AGGRESSIVE;
				GCC_WARN_UNUSED_FUNCTION = YES;
				GCC_WARN_UNUSED_VARIABLE = YES;
				IPHONEOS_DEPLOYMENT_TARGET = 16.4;
				MTL_ENABLE_DEBUG_INFO = INCLUDE_SOURCE;
				MTL_FAST_MATH = YES;
				ONLY_ACTIVE_ARCH = YES;
				SDKROOT = iphoneos;
				SWIFT_ACTIVE_COMPILATION_CONDITIONS = DEBUG;
				SWIFT_OPTIMIZATION_LEVEL = "-Onone";
			};
			name = Debug;
		};
		C308C9B729ED73E400431E17 /* Release */ = {
			isa = XCBuildConfiguration;
			buildSettings = {
				ALWAYS_SEARCH_USER_PATHS = NO;
				CLANG_ANALYZER_NONNULL = YES;
				CLANG_ANALYZER_NUMBER_OBJECT_CONVERSION = YES_AGGRESSIVE;
				CLANG_CXX_LANGUAGE_STANDARD = "gnu++20";
				CLANG_ENABLE_MODULES = YES;
				CLANG_ENABLE_OBJC_ARC = YES;
				CLANG_ENABLE_OBJC_WEAK = YES;
				CLANG_WARN_BLOCK_CAPTURE_AUTORELEASING = YES;
				CLANG_WARN_BOOL_CONVERSION = YES;
				CLANG_WARN_COMMA = YES;
				CLANG_WARN_CONSTANT_CONVERSION = YES;
				CLANG_WARN_DEPRECATED_OBJC_IMPLEMENTATIONS = YES;
				CLANG_WARN_DIRECT_OBJC_ISA_USAGE = YES_ERROR;
				CLANG_WARN_DOCUMENTATION_COMMENTS = YES;
				CLANG_WARN_EMPTY_BODY = YES;
				CLANG_WARN_ENUM_CONVERSION = YES;
				CLANG_WARN_INFINITE_RECURSION = YES;
				CLANG_WARN_INT_CONVERSION = YES;
				CLANG_WARN_NON_LITERAL_NULL_CONVERSION = YES;
				CLANG_WARN_OBJC_IMPLICIT_RETAIN_SELF = YES;
				CLANG_WARN_OBJC_LITERAL_CONVERSION = YES;
				CLANG_WARN_OBJC_ROOT_CLASS = YES_ERROR;
				CLANG_WARN_QUOTED_INCLUDE_IN_FRAMEWORK_HEADER = YES;
				CLANG_WARN_RANGE_LOOP_ANALYSIS = YES;
				CLANG_WARN_STRICT_PROTOTYPES = YES;
				CLANG_WARN_SUSPICIOUS_MOVE = YES;
				CLANG_WARN_UNGUARDED_AVAILABILITY = YES_AGGRESSIVE;
				CLANG_WARN_UNREACHABLE_CODE = YES;
				CLANG_WARN__DUPLICATE_METHOD_MATCH = YES;
				COPY_PHASE_STRIP = NO;
				DEBUG_INFORMATION_FORMAT = "dwarf-with-dsym";
				ENABLE_NS_ASSERTIONS = NO;
				ENABLE_STRICT_OBJC_MSGSEND = YES;
				GCC_C_LANGUAGE_STANDARD = gnu11;
				GCC_NO_COMMON_BLOCKS = YES;
				GCC_WARN_64_TO_32_BIT_CONVERSION = YES;
				GCC_WARN_ABOUT_RETURN_TYPE = YES_ERROR;
				GCC_WARN_UNDECLARED_SELECTOR = YES;
				GCC_WARN_UNINITIALIZED_AUTOS = YES_AGGRESSIVE;
				GCC_WARN_UNUSED_FUNCTION = YES;
				GCC_WARN_UNUSED_VARIABLE = YES;
				IPHONEOS_DEPLOYMENT_TARGET = 16.4;
				MTL_ENABLE_DEBUG_INFO = NO;
				MTL_FAST_MATH = YES;
				SDKROOT = iphoneos;
				SWIFT_COMPILATION_MODE = wholemodule;
				SWIFT_OPTIMIZATION_LEVEL = "-O";
				VALIDATE_PRODUCT = YES;
			};
			name = Release;
		};
		C308C9B929ED73E400431E17 /* Debug */ = {
			isa = XCBuildConfiguration;
			baseConfigurationReference = 3D3ADF0D8AABA1DFBC356124 /* Pods-FlashChat.debug.xcconfig */;
			buildSettings = {
				ASSETCATALOG_COMPILER_APPICON_NAME = AppIcon;
				ASSETCATALOG_COMPILER_GLOBAL_ACCENT_COLOR_NAME = AccentColor;
				CODE_SIGN_STYLE = Automatic;
				CURRENT_PROJECT_VERSION = 1;
				DEVELOPMENT_TEAM = Q7W3VFRJN2;
				GENERATE_INFOPLIST_FILE = YES;
				INFOPLIST_FILE = FlashChat/Info.plist;
				INFOPLIST_KEY_UIApplicationSupportsIndirectInputEvents = YES;
				INFOPLIST_KEY_UILaunchStoryboardName = LaunchScreen;
				INFOPLIST_KEY_UIMainStoryboardFile = Main;
				INFOPLIST_KEY_UISupportedInterfaceOrientations_iPad = "UIInterfaceOrientationPortrait UIInterfaceOrientationPortraitUpsideDown UIInterfaceOrientationLandscapeLeft UIInterfaceOrientationLandscapeRight";
				INFOPLIST_KEY_UISupportedInterfaceOrientations_iPhone = "UIInterfaceOrientationPortrait UIInterfaceOrientationLandscapeLeft UIInterfaceOrientationLandscapeRight";
				LD_RUNPATH_SEARCH_PATHS = (
					"$(inherited)",
					"@executable_path/Frameworks",
				);
				MARKETING_VERSION = 1.0;
				PRODUCT_BUNDLE_IDENTIFIER = io.giulioaterno.FlashChat;
				PRODUCT_NAME = "$(TARGET_NAME)";
				SWIFT_EMIT_LOC_STRINGS = YES;
				SWIFT_VERSION = 5.0;
				TARGETED_DEVICE_FAMILY = "1,2";
			};
			name = Debug;
		};
		C308C9BA29ED73E400431E17 /* Release */ = {
			isa = XCBuildConfiguration;
			baseConfigurationReference = CEC68E68071BA7AEA243ED16 /* Pods-FlashChat.release.xcconfig */;
			buildSettings = {
				ASSETCATALOG_COMPILER_APPICON_NAME = AppIcon;
				ASSETCATALOG_COMPILER_GLOBAL_ACCENT_COLOR_NAME = AccentColor;
				CODE_SIGN_STYLE = Automatic;
				CURRENT_PROJECT_VERSION = 1;
				DEVELOPMENT_TEAM = Q7W3VFRJN2;
				GENERATE_INFOPLIST_FILE = YES;
				INFOPLIST_FILE = FlashChat/Info.plist;
				INFOPLIST_KEY_UIApplicationSupportsIndirectInputEvents = YES;
				INFOPLIST_KEY_UILaunchStoryboardName = LaunchScreen;
				INFOPLIST_KEY_UIMainStoryboardFile = Main;
				INFOPLIST_KEY_UISupportedInterfaceOrientations_iPad = "UIInterfaceOrientationPortrait UIInterfaceOrientationPortraitUpsideDown UIInterfaceOrientationLandscapeLeft UIInterfaceOrientationLandscapeRight";
				INFOPLIST_KEY_UISupportedInterfaceOrientations_iPhone = "UIInterfaceOrientationPortrait UIInterfaceOrientationLandscapeLeft UIInterfaceOrientationLandscapeRight";
				LD_RUNPATH_SEARCH_PATHS = (
					"$(inherited)",
					"@executable_path/Frameworks",
				);
				MARKETING_VERSION = 1.0;
				PRODUCT_BUNDLE_IDENTIFIER = io.giulioaterno.FlashChat;
				PRODUCT_NAME = "$(TARGET_NAME)";
				SWIFT_EMIT_LOC_STRINGS = YES;
				SWIFT_VERSION = 5.0;
				TARGETED_DEVICE_FAMILY = "1,2";
			};
			name = Release;
		};
/* End XCBuildConfiguration section */

/* Begin XCConfigurationList section */
		C308C99F29ED73E300431E17 /* Build configuration list for PBXProject "FlashChat" */ = {
			isa = XCConfigurationList;
			buildConfigurations = (
				C308C9B629ED73E400431E17 /* Debug */,
				C308C9B729ED73E400431E17 /* Release */,
			);
			defaultConfigurationIsVisible = 0;
			defaultConfigurationName = Release;
		};
		C308C9B829ED73E400431E17 /* Build configuration list for PBXNativeTarget "FlashChat" */ = {
			isa = XCConfigurationList;
			buildConfigurations = (
				C308C9B929ED73E400431E17 /* Debug */,
				C308C9BA29ED73E400431E17 /* Release */,
			);
			defaultConfigurationIsVisible = 0;
			defaultConfigurationName = Release;
		};
/* End XCConfigurationList section */

/* Begin XCRemoteSwiftPackageReference section */
		C3CD526929ED8E91001482DA /* XCRemoteSwiftPackageReference "firebase-ios-sdk" */ = {
			isa = XCRemoteSwiftPackageReference;
			repositoryURL = "https://github.com/firebase/firebase-ios-sdk";
			requirement = {
				kind = upToNextMajorVersion;
				minimumVersion = 10.0.0;
			};
		};
/* End XCRemoteSwiftPackageReference section */
	};
	rootObject = C308C99C29ED73E300431E17 /* Project object */;
}
